
Microsoft Visual Studio Solution File, Format Version 12.00
# Visual Studio Version 17
VisualStudioVersion = 17.7.34018.315
MinimumVisualStudioVersion = 10.0.40219.1
Project("{FAE04EC0-301F-11D3-BF4B-00C04F79EFBC}") = "Nhom11_ASM2.2", "Nhom11_ASM2.2.csproj", "{46B0F301-2499-45C8-851B-57A6E8650026}"
EndProject
Global
	GlobalSection(SolutionConfigurationPlatforms) = preSolution
		Debug|Any CPU = Debug|Any CPU
		Release|Any CPU = Release|Any CPU
	EndGlobalSection
	GlobalSection(ProjectConfigurationPlatforms) = postSolution
		{46B0F301-2499-45C8-851B-57A6E8650026}.Debug|Any CPU.ActiveCfg = Debug|Any CPU
		{46B0F301-2499-45C8-851B-57A6E8650026}.Debug|Any CPU.Build.0 = Debug|Any CPU
		{46B0F301-2499-45C8-851B-57A6E8650026}.Release|Any CPU.ActiveCfg = Release|Any CPU
		{46B0F301-2499-45C8-851B-57A6E8650026}.Release|Any CPU.Build.0 = Release|Any CPU
	EndGlobalSection
	GlobalSection(SolutionProperties) = preSolution
		HideSolutionNode = FALSE
	EndGlobalSection
	GlobalSection(ExtensibilityGlobals) = postSolution
		SolutionGuid = {2E3D01A7-3313-4264-B8DC-BD7813C1F5A1}
	EndGlobalSection
EndGlobal
